
Microsoft Visual Studio Solution File, Format Version 12.00
# Visual Studio Version 17
VisualStudioVersion = 17.9.34701.34
MinimumVisualStudioVersion = 10.0.40219.1
Project("{FAE04EC0-301F-11D3-BF4B-00C04F79EFBC}") = "ShoppingCartApp_ICE", "ShoppingCartApp_ICE.csproj", "{533B6E1A-6B1F-4C85-AED9-51A560F558B4}"
EndProject
Project("{2150E333-8FDC-42A3-9474-1A3956D46DE8}") = "Solution Items", "Solution Items", "{F318F75A-D1A8-4299-810A-948E676EEAA7}"
EndProject
Global
	GlobalSection(SolutionConfigurationPlatforms) = preSolution
		Debug|Any CPU = Debug|Any CPU
		Release|Any CPU = Release|Any CPU
	EndGlobalSection
	GlobalSection(ProjectConfigurationPlatforms) = postSolution
		{533B6E1A-6B1F-4C85-AED9-51A560F558B4}.Debug|Any CPU.ActiveCfg = Debug|Any CPU
		{533B6E1A-6B1F-4C85-AED9-51A560F558B4}.Debug|Any CPU.Build.0 = Debug|Any CPU
		{533B6E1A-6B1F-4C85-AED9-51A560F558B4}.Release|Any CPU.ActiveCfg = Release|Any CPU
		{533B6E1A-6B1F-4C85-AED9-51A560F558B4}.Release|Any CPU.Build.0 = Release|Any CPU
	EndGlobalSection
	GlobalSection(SolutionProperties) = preSolution
		HideSolutionNode = FALSE
	EndGlobalSection
	GlobalSection(ExtensibilityGlobals) = postSolution
		SolutionGuid = {98A40F76-58FD-44DB-8D91-F1B01028D22D}
	EndGlobalSection
EndGlobal
